
Microsoft Visual Studio Solution File, Format Version 12.00
# Visual Studio Version 16
VisualStudioVersion = 25.0.1704.0
MinimumVisualStudioVersion = 10.0.40219.1
Project("{FAE04EC0-301F-11D3-BF4B-00C04F79EFBC}") = "var3", "var3\var3.csproj", "{A8199439-08F4-4321-8F7C-99E1B5897988}"
EndProject
Global
	GlobalSection(SolutionConfigurationPlatforms) = preSolution
		Debug|Any CPU = Debug|Any CPU
		Release|Any CPU = Release|Any CPU
	EndGlobalSection
	GlobalSection(ProjectConfigurationPlatforms) = postSolution
		{A8199439-08F4-4321-8F7C-99E1B5897988}.Debug|Any CPU.ActiveCfg = Debug|Any CPU
		{A8199439-08F4-4321-8F7C-99E1B5897988}.Debug|Any CPU.Build.0 = Debug|Any CPU
		{A8199439-08F4-4321-8F7C-99E1B5897988}.Release|Any CPU.ActiveCfg = Release|Any CPU
		{A8199439-08F4-4321-8F7C-99E1B5897988}.Release|Any CPU.Build.0 = Release|Any CPU
	EndGlobalSection
	GlobalSection(SolutionProperties) = preSolution
		HideSolutionNode = FALSE
	EndGlobalSection
	GlobalSection(ExtensibilityGlobals) = postSolution
		SolutionGuid = {D3797EFD-977D-4A93-80D2-10738AF26452}
	EndGlobalSection
EndGlobal
